
Microsoft Visual Studio Solution File, Format Version 12.00
# Visual Studio Version 17
VisualStudioVersion = 17.0.31903.59
MinimumVisualStudioVersion = 10.0.40219.1
Project("{FAE04EC0-301F-11D3-BF4B-00C04F79EFBC}") = "FoodAPI", "FoodAPI\FoodAPI.csproj", "{A3B0E044-5D83-4B72-A112-5AC12A1CF092}"
EndProject
Project("{FAE04EC0-301F-11D3-BF4B-00C04F79EFBC}") = "FoodBlazor", "FoodBlazor\FoodBlazor.csproj", "{DF409B1B-72F7-497D-A3C1-356D9A0C0F3A}"
EndProject
Project("{FAE04EC0-301F-11D3-BF4B-00C04F79EFBC}") = "FoodAPI.Tests", "FoodAPI.Tests\FoodAPI.Tests.csproj", "{778EAFCC-B15B-4BE0-BDB7-52179EE6B1F9}"
EndProject
Project("{FAE04EC0-301F-11D3-BF4B-00C04F79EFBC}") = "FoodBlazor.Tests", "FoodBlazor.Tests\FoodBlazor.Tests.csproj", "{9F69CAF9-0813-4C05-AF71-47F0D5AA7F16}"
EndProject
Global
	GlobalSection(SolutionConfigurationPlatforms) = preSolution
		Debug|Any CPU = Debug|Any CPU
		Debug|x64 = Debug|x64
		Debug|x86 = Debug|x86
		Release|Any CPU = Release|Any CPU
		Release|x64 = Release|x64
		Release|x86 = Release|x86
	EndGlobalSection
	GlobalSection(ProjectConfigurationPlatforms) = postSolution
		{A3B0E044-5D83-4B72-A112-5AC12A1CF092}.Debug|Any CPU.ActiveCfg = Debug|Any CPU
		{A3B0E044-5D83-4B72-A112-5AC12A1CF092}.Debug|Any CPU.Build.0 = Debug|Any CPU
		{A3B0E044-5D83-4B72-A112-5AC12A1CF092}.Debug|x64.ActiveCfg = Debug|Any CPU
		{A3B0E044-5D83-4B72-A112-5AC12A1CF092}.Debug|x64.Build.0 = Debug|Any CPU
		{A3B0E044-5D83-4B72-A112-5AC12A1CF092}.Debug|x86.ActiveCfg = Debug|Any CPU
		{A3B0E044-5D83-4B72-A112-5AC12A1CF092}.Debug|x86.Build.0 = Debug|Any CPU
		{A3B0E044-5D83-4B72-A112-5AC12A1CF092}.Release|Any CPU.ActiveCfg = Release|Any CPU
		{A3B0E044-5D83-4B72-A112-5AC12A1CF092}.Release|Any CPU.Build.0 = Release|Any CPU
		{A3B0E044-5D83-4B72-A112-5AC12A1CF092}.Release|x64.ActiveCfg = Release|Any CPU
		{A3B0E044-5D83-4B72-A112-5AC12A1CF092}.Release|x64.Build.0 = Release|Any CPU
		{A3B0E044-5D83-4B72-A112-5AC12A1CF092}.Release|x86.ActiveCfg = Release|Any CPU
		{A3B0E044-5D83-4B72-A112-5AC12A1CF092}.Release|x86.Build.0 = Release|Any CPU
		{DF409B1B-72F7-497D-A3C1-356D9A0C0F3A}.Debug|Any CPU.ActiveCfg = Debug|Any CPU
		{DF409B1B-72F7-497D-A3C1-356D9A0C0F3A}.Debug|Any CPU.Build.0 = Debug|Any CPU
		{DF409B1B-72F7-497D-A3C1-356D9A0C0F3A}.Debug|x64.ActiveCfg = Debug|Any CPU
		{DF409B1B-72F7-497D-A3C1-356D9A0C0F3A}.Debug|x64.Build.0 = Debug|Any CPU
		{DF409B1B-72F7-497D-A3C1-356D9A0C0F3A}.Debug|x86.ActiveCfg = Debug|Any CPU
		{DF409B1B-72F7-497D-A3C1-356D9A0C0F3A}.Debug|x86.Build.0 = Debug|Any CPU
		{DF409B1B-72F7-497D-A3C1-356D9A0C0F3A}.Release|Any CPU.ActiveCfg = Release|Any CPU
		{DF409B1B-72F7-497D-A3C1-356D9A0C0F3A}.Release|Any CPU.Build.0 = Release|Any CPU
		{DF409B1B-72F7-497D-A3C1-356D9A0C0F3A}.Release|x64.ActiveCfg = Release|Any CPU
		{DF409B1B-72F7-497D-A3C1-356D9A0C0F3A}.Release|x64.Build.0 = Release|Any CPU
		{DF409B1B-72F7-497D-A3C1-356D9A0C0F3A}.Release|x86.ActiveCfg = Release|Any CPU
		{DF409B1B-72F7-497D-A3C1-356D9A0C0F3A}.Release|x86.Build.0 = Release|Any CPU
		{778EAFCC-B15B-4BE0-BDB7-52179EE6B1F9}.Debug|Any CPU.ActiveCfg = Debug|Any CPU
		{778EAFCC-B15B-4BE0-BDB7-52179EE6B1F9}.Debug|Any CPU.Build.0 = Debug|Any CPU
		{778EAFCC-B15B-4BE0-BDB7-52179EE6B1F9}.Debug|x64.ActiveCfg = Debug|Any CPU
		{778EAFCC-B15B-4BE0-BDB7-52179EE6B1F9}.Debug|x64.Build.0 = Debug|Any CPU
		{778EAFCC-B15B-4BE0-BDB7-52179EE6B1F9}.Debug|x86.ActiveCfg = Debug|Any CPU
		{778EAFCC-B15B-4BE0-BDB7-52179EE6B1F9}.Debug|x86.Build.0 = Debug|Any CPU
		{778EAFCC-B15B-4BE0-BDB7-52179EE6B1F9}.Release|Any CPU.ActiveCfg = Release|Any CPU
		{778EAFCC-B15B-4BE0-BDB7-52179EE6B1F9}.Release|Any CPU.Build.0 = Release|Any CPU
		{778EAFCC-B15B-4BE0-BDB7-52179EE6B1F9}.Release|x64.ActiveCfg = Release|Any CPU
		{778EAFCC-B15B-4BE0-BDB7-52179EE6B1F9}.Release|x64.Build.0 = Release|Any CPU
		{778EAFCC-B15B-4BE0-BDB7-52179EE6B1F9}.Release|x86.ActiveCfg = Release|Any CPU
		{778EAFCC-B15B-4BE0-BDB7-52179EE6B1F9}.Release|x86.Build.0 = Release|Any CPU
		{9F69CAF9-0813-4C05-AF71-47F0D5AA7F16}.Debug|Any CPU.ActiveCfg = Debug|Any CPU
		{9F69CAF9-0813-4C05-AF71-47F0D5AA7F16}.Debug|Any CPU.Build.0 = Debug|Any CPU
		{9F69CAF9-0813-4C05-AF71-47F0D5AA7F16}.Debug|x64.ActiveCfg = Debug|Any CPU
		{9F69CAF9-0813-4C05-AF71-47F0D5AA7F16}.Debug|x64.Build.0 = Debug|Any CPU
		{9F69CAF9-0813-4C05-AF71-47F0D5AA7F16}.Debug|x86.ActiveCfg = Debug|Any CPU
		{9F69CAF9-0813-4C05-AF71-47F0D5AA7F16}.Debug|x86.Build.0 = Debug|Any CPU
		{9F69CAF9-0813-4C05-AF71-47F0D5AA7F16}.Release|Any CPU.ActiveCfg = Release|Any CPU
		{9F69CAF9-0813-4C05-AF71-47F0D5AA7F16}.Release|Any CPU.Build.0 = Release|Any CPU
		{9F69CAF9-0813-4C05-AF71-47F0D5AA7F16}.Release|x64.ActiveCfg = Release|Any CPU
		{9F69CAF9-0813-4C05-AF71-47F0D5AA7F16}.Release|x64.Build.0 = Release|Any CPU
		{9F69CAF9-0813-4C05-AF71-47F0D5AA7F16}.Release|x86.ActiveCfg = Release|Any CPU
		{9F69CAF9-0813-4C05-AF71-47F0D5AA7F16}.Release|x86.Build.0 = Release|Any CPU
	EndGlobalSection
	GlobalSection(SolutionProperties) = preSolution
		HideSolutionNode = FALSE
	EndGlobalSection
EndGlobal
